// !$*UTF8*$!
{
	archiveVersion = 1;
	classes = {
	};
	objectVersion = 50;
	objects = {

/* Begin PBXBuildFile section */
		661933AA26581FD900098AAD /* BuyMeACoffee.png in Resources */ = {isa = PBXBuildFile; fileRef = 661933A926581FD900098AAD /* BuyMeACoffee.png */; };
		661CDAA0265D6152006CB3FD /* TestFile.swift in Sources */ = {isa = PBXBuildFile; fileRef = 661CDA9F265D6152006CB3FD /* TestFile.swift */; };
		66287DFB2659222300462AC2 /* LoadingCubeOffset.swift in Sources */ = {isa = PBXBuildFile; fileRef = 66287DFA2659222300462AC2 /* LoadingCubeOffset.swift */; };
		663C5DB7265342AA000C83DC /* LoadingCapsuleSpacing.swift in Sources */ = {isa = PBXBuildFile; fileRef = 663C5DB6265342AA000C83DC /* LoadingCapsuleSpacing.swift */; };
		664347232651BD1700A26419 /* SwiftUI_Loading_AnimationApp.swift in Sources */ = {isa = PBXBuildFile; fileRef = 664347222651BD1700A26419 /* SwiftUI_Loading_AnimationApp.swift */; };
		664347272651BD1800A26419 /* Assets.xcassets in Resources */ = {isa = PBXBuildFile; fileRef = 664347262651BD1800A26419 /* Assets.xcassets */; };
		6643472A2651BD1800A26419 /* Preview Assets.xcassets in Resources */ = {isa = PBXBuildFile; fileRef = 664347292651BD1800A26419 /* Preview Assets.xcassets */; };
		664347322651BD9D00A26419 /* LoadingCircleColors.swift in Sources */ = {isa = PBXBuildFile; fileRef = 664347312651BD9D00A26419 /* LoadingCircleColors.swift */; };
		667E0BCC265B0BC50002CE17 /* LoadingCircleGradual.swift in Sources */ = {isa = PBXBuildFile; fileRef = 667E0BCB265B0BC50002CE17 /* LoadingCircleGradual.swift */; };
		6682A2262657E2980095D978 /* LoadingCapsuleSpacing.gif in Resources */ = {isa = PBXBuildFile; fileRef = 6682A2252657E2980095D978 /* LoadingCapsuleSpacing.gif */; };
		6682A2282657E2A00095D978 /* LoadingCircleColors.gif in Resources */ = {isa = PBXBuildFile; fileRef = 6682A2272657E2A00095D978 /* LoadingCircleColors.gif */; };
		6682A22A2657E2A90095D978 /* LoadingCircleOpacity.gif in Resources */ = {isa = PBXBuildFile; fileRef = 6682A2292657E2A90095D978 /* LoadingCircleOpacity.gif */; };
		66870E95265BC2D2004D69BB /* LoadingCircleFlip.swift in Sources */ = {isa = PBXBuildFile; fileRef = 66870E94265BC2D2004D69BB /* LoadingCircleFlip.swift */; };
		66B2FACC2655D1C300E473B9 /* LoadingCircleOpacity.swift in Sources */ = {isa = PBXBuildFile; fileRef = 66B2FACB2655D1C300E473B9 /* LoadingCircleOpacity.swift */; };
		66BBBA5B265C3E2A001CF27E /* LoadingCubeOffset.gif in Resources */ = {isa = PBXBuildFile; fileRef = 66BBBA5A265C3E2A001CF27E /* LoadingCubeOffset.gif */; };
		66BBBA5F265C3E3B001CF27E /* LoadingCircleFlip.gif in Resources */ = {isa = PBXBuildFile; fileRef = 66BBBA5E265C3E3B001CF27E /* LoadingCircleFlip.gif */; };
		66BBBA63265C4233001CF27E /* LoadingCircleGradual.gif in Resources */ = {isa = PBXBuildFile; fileRef = 66BBBA62265C4233001CF27E /* LoadingCircleGradual.gif */; };
/* End PBXBuildFile section */

/* Begin PBXFileReference section */
		661933A926581FD900098AAD /* BuyMeACoffee.png */ = {isa = PBXFileReference; lastKnownFileType = image.png; path = BuyMeACoffee.png; sourceTree = "<group>"; };
		661CDA9F265D6152006CB3FD /* TestFile.swift */ = {isa = PBXFileReference; lastKnownFileType = sourcecode.swift; path = TestFile.swift; sourceTree = "<group>"; };
		66287DFA2659222300462AC2 /* LoadingCubeOffset.swift */ = {isa = PBXFileReference; lastKnownFileType = sourcecode.swift; path = LoadingCubeOffset.swift; sourceTree = "<group>"; };
		663C5DB6265342AA000C83DC /* LoadingCapsuleSpacing.swift */ = {isa = PBXFileReference; lastKnownFileType = sourcecode.swift; path = LoadingCapsuleSpacing.swift; sourceTree = "<group>"; };
		6643471F2651BD1700A26419 /* SwiftUI-Loading-Animation.app */ = {isa = PBXFileReference; explicitFileType = wrapper.application; includeInIndex = 0; path = "SwiftUI-Loading-Animation.app"; sourceTree = BUILT_PRODUCTS_DIR; };
		664347222651BD1700A26419 /* SwiftUI_Loading_AnimationApp.swift */ = {isa = PBXFileReference; lastKnownFileType = sourcecode.swift; path = SwiftUI_Loading_AnimationApp.swift; sourceTree = "<group>"; };
		664347262651BD1800A26419 /* Assets.xcassets */ = {isa = PBXFileReference; lastKnownFileType = folder.assetcatalog; path = Assets.xcassets; sourceTree = "<group>"; };
		664347292651BD1800A26419 /* Preview Assets.xcassets */ = {isa = PBXFileReference; lastKnownFileType = folder.assetcatalog; path = "Preview Assets.xcassets"; sourceTree = "<group>"; };
		6643472B2651BD1800A26419 /* Info.plist */ = {isa = PBXFileReference; lastKnownFileType = text.plist.xml; path = Info.plist; sourceTree = "<group>"; };
		664347312651BD9D00A26419 /* LoadingCircleColors.swift */ = {isa = PBXFileReference; lastKnownFileType = sourcecode.swift; path = LoadingCircleColors.swift; sourceTree = "<group>"; };
		667E0BCB265B0BC50002CE17 /* LoadingCircleGradual.swift */ = {isa = PBXFileReference; lastKnownFileType = sourcecode.swift; path = LoadingCircleGradual.swift; sourceTree = "<group>"; };
		6682A2252657E2980095D978 /* LoadingCapsuleSpacing.gif */ = {isa = PBXFileReference; lastKnownFileType = image.gif; path = LoadingCapsuleSpacing.gif; sourceTree = "<group>"; };
		6682A2272657E2A00095D978 /* LoadingCircleColors.gif */ = {isa = PBXFileReference; lastKnownFileType = image.gif; path = LoadingCircleColors.gif; sourceTree = "<group>"; };
		6682A2292657E2A90095D978 /* LoadingCircleOpacity.gif */ = {isa = PBXFileReference; lastKnownFileType = image.gif; path = LoadingCircleOpacity.gif; sourceTree = "<group>"; };
		66870E94265BC2D2004D69BB /* LoadingCircleFlip.swift */ = {isa = PBXFileReference; lastKnownFileType = sourcecode.swift; path = LoadingCircleFlip.swift; sourceTree = "<group>"; };
		66B2FACB2655D1C300E473B9 /* LoadingCircleOpacity.swift */ = {isa = PBXFileReference; lastKnownFileType = sourcecode.swift; path = LoadingCircleOpacity.swift; sourceTree = "<group>"; };
		66BBBA5A265C3E2A001CF27E /* LoadingCubeOffset.gif */ = {isa = PBXFileReference; lastKnownFileType = image.gif; path = LoadingCubeOffset.gif; sourceTree = "<group>"; };
		66BBBA5E265C3E3B001CF27E /* LoadingCircleFlip.gif */ = {isa = PBXFileReference; lastKnownFileType = image.gif; path = LoadingCircleFlip.gif; sourceTree = "<group>"; };
		66BBBA62265C4233001CF27E /* LoadingCircleGradual.gif */ = {isa = PBXFileReference; lastKnownFileType = image.gif; path = LoadingCircleGradual.gif; sourceTree = "<group>"; };
/* End PBXFileReference section */

/* Begin PBXFrameworksBuildPhase section */
		6643471C2651BD1600A26419 /* Frameworks */ = {
			isa = PBXFrameworksBuildPhase;
			buildActionMask = 2147483647;
			files = (
			);
			runOnlyForDeploymentPostprocessing = 0;
		};
/* End PBXFrameworksBuildPhase section */

/* Begin PBXGroup section */
		664347162651BD1600A26419 = {
			isa = PBXGroup;
			children = (
				664347212651BD1700A26419 /* SwiftUI-Loading-Animation */,
				66C9CC5E265845F900A22B69 /* Screenshot */,
				664347202651BD1700A26419 /* Products */,
			);
			sourceTree = "<group>";
		};
		664347202651BD1700A26419 /* Products */ = {
			isa = PBXGroup;
			children = (
				6643471F2651BD1700A26419 /* SwiftUI-Loading-Animation.app */,
			);
			name = Products;
			sourceTree = "<group>";
		};
		664347212651BD1700A26419 /* SwiftUI-Loading-Animation */ = {
			isa = PBXGroup;
			children = (
				664347222651BD1700A26419 /* SwiftUI_Loading_AnimationApp.swift */,
				663C5DB6265342AA000C83DC /* LoadingCapsuleSpacing.swift */,
				664347312651BD9D00A26419 /* LoadingCircleColors.swift */,
				66B2FACB2655D1C300E473B9 /* LoadingCircleOpacity.swift */,
				66287DFA2659222300462AC2 /* LoadingCubeOffset.swift */,
				667E0BCB265B0BC50002CE17 /* LoadingCircleGradual.swift */,
				66870E94265BC2D2004D69BB /* LoadingCircleFlip.swift */,
				66FC7F30265DAD240071445F /* TestFile */,
				664347262651BD1800A26419 /* Assets.xcassets */,
				6643472B2651BD1800A26419 /* Info.plist */,
				664347282651BD1800A26419 /* Preview Content */,
			);
			path = "SwiftUI-Loading-Animation";
			sourceTree = "<group>";
		};
		664347282651BD1800A26419 /* Preview Content */ = {
			isa = PBXGroup;
			children = (
				664347292651BD1800A26419 /* Preview Assets.xcassets */,
			);
			path = "Preview Content";
			sourceTree = "<group>";
		};
		66C9CC5E265845F900A22B69 /* Screenshot */ = {
			isa = PBXGroup;
			children = (
				6682A2252657E2980095D978 /* LoadingCapsuleSpacing.gif */,
				6682A2272657E2A00095D978 /* LoadingCircleColors.gif */,
				6682A2292657E2A90095D978 /* LoadingCircleOpacity.gif */,
				66BBBA5A265C3E2A001CF27E /* LoadingCubeOffset.gif */,
				66BBBA62265C4233001CF27E /* LoadingCircleGradual.gif */,
				66BBBA5E265C3E3B001CF27E /* LoadingCircleFlip.gif */,
				661933A926581FD900098AAD /* BuyMeACoffee.png */,
			);
			path = Screenshot;
			sourceTree = "<group>";
		};
		66FC7F30265DAD240071445F /* TestFile */ = {
			isa = PBXGroup;
			children = (
				661CDA9F265D6152006CB3FD /* TestFile.swift */,
			);
			path = TestFile;
			sourceTree = "<group>";
		};
/* End PBXGroup section */

/* Begin PBXNativeTarget section */
		6643471E2651BD1600A26419 /* SwiftUI-Loading-Animation */ = {
			isa = PBXNativeTarget;
			buildConfigurationList = 6643472E2651BD1800A26419 /* Build configuration list for PBXNativeTarget "SwiftUI-Loading-Animation" */;
			buildPhases = (
				6643471B2651BD1600A26419 /* Sources */,
				6643471C2651BD1600A26419 /* Frameworks */,
				6643471D2651BD1600A26419 /* Resources */,
			);
			buildRules = (
			);
			dependencies = (
			);
			name = "SwiftUI-Loading-Animation";
			productName = "SwiftUI-Loading-Animation";
			productReference = 6643471F2651BD1700A26419 /* SwiftUI-Loading-Animation.app */;
			productType = "com.apple.product-type.application";
		};
/* End PBXNativeTarget section */

/* Begin PBXProject section */
		664347172651BD1600A26419 /* Project object */ = {
			isa = PBXProject;
			attributes = {
				LastSwiftUpdateCheck = 1250;
				LastUpgradeCheck = 1250;
				TargetAttributes = {
					6643471E2651BD1600A26419 = {
						CreatedOnToolsVersion = 12.5;
					};
				};
			};
			buildConfigurationList = 6643471A2651BD1600A26419 /* Build configuration list for PBXProject "SwiftUI-Loading-Animation" */;
			compatibilityVersion = "Xcode 9.3";
			developmentRegion = en;
			hasScannedForEncodings = 0;
			knownRegions = (
				en,
				Base,
			);
			mainGroup = 664347162651BD1600A26419;
			productRefGroup = 664347202651BD1700A26419 /* Products */;
			projectDirPath = "";
			projectRoot = "";
			targets = (
				6643471E2651BD1600A26419 /* SwiftUI-Loading-Animation */,
			);
		};
/* End PBXProject section */

/* Begin PBXResourcesBuildPhase section */
		6643471D2651BD1600A26419 /* Resources */ = {
			isa = PBXResourcesBuildPhase;
			buildActionMask = 2147483647;
			files = (
				66BBBA63265C4233001CF27E /* LoadingCircleGradual.gif in Resources */,
				6643472A2651BD1800A26419 /* Preview Assets.xcassets in Resources */,
				6682A2282657E2A00095D978 /* LoadingCircleColors.gif in Resources */,
				66BBBA5F265C3E3B001CF27E /* LoadingCircleFlip.gif in Resources */,
				66BBBA5B265C3E2A001CF27E /* LoadingCubeOffset.gif in Resources */,
				664347272651BD1800A26419 /* Assets.xcassets in Resources */,
				6682A2262657E2980095D978 /* LoadingCapsuleSpacing.gif in Resources */,
				661933AA26581FD900098AAD /* BuyMeACoffee.png in Resources */,
				6682A22A2657E2A90095D978 /* LoadingCircleOpacity.gif in Resources */,
			);
			runOnlyForDeploymentPostprocessing = 0;
		};
/* End PBXResourcesBuildPhase section */

/* Begin PBXSourcesBuildPhase section */
		6643471B2651BD1600A26419 /* Sources */ = {
			isa = PBXSourcesBuildPhase;
			buildActionMask = 2147483647;
			files = (
				66870E95265BC2D2004D69BB /* LoadingCircleFlip.swift in Sources */,
				663C5DB7265342AA000C83DC /* LoadingCapsuleSpacing.swift in Sources */,
				664347322651BD9D00A26419 /* LoadingCircleColors.swift in Sources */,
				66287DFB2659222300462AC2 /* LoadingCubeOffset.swift in Sources */,
				66B2FACC2655D1C300E473B9 /* LoadingCircleOpacity.swift in Sources */,
				661CDAA0265D6152006CB3FD /* TestFile.swift in Sources */,
				664347232651BD1700A26419 /* SwiftUI_Loading_AnimationApp.swift in Sources */,
				667E0BCC265B0BC50002CE17 /* LoadingCircleGradual.swift in Sources */,
			);
			runOnlyForDeploymentPostprocessing = 0;
		};
/* End PBXSourcesBuildPhase section */

/* Begin XCBuildConfiguration section */
		6643472C2651BD1800A26419 /* Debug */ = {
			isa = XCBuildConfiguration;
			buildSettings = {
				ALWAYS_SEARCH_USER_PATHS = NO;
				CLANG_ANALYZER_NONNULL = YES;
				CLANG_ANALYZER_NUMBER_OBJECT_CONVERSION = YES_AGGRESSIVE;
				CLANG_CXX_LANGUAGE_STANDARD = "gnu++14";
				CLANG_CXX_LIBRARY = "libc++";
				CLANG_ENABLE_MODULES = YES;
				CLANG_ENABLE_OBJC_ARC = YES;
				CLANG_ENABLE_OBJC_WEAK = YES;
				CLANG_WARN_BLOCK_CAPTURE_AUTORELEASING = YES;
				CLANG_WARN_BOOL_CONVERSION = YES;
				CLANG_WARN_COMMA = YES;
				CLANG_WARN_CONSTANT_CONVERSION = YES;
				CLANG_WARN_DEPRECATED_OBJC_IMPLEMENTATIONS = YES;
				CLANG_WARN_DIRECT_OBJC_ISA_USAGE = YES_ERROR;
				CLANG_WARN_DOCUMENTATION_COMMENTS = YES;
				CLANG_WARN_EMPTY_BODY = YES;
				CLANG_WARN_ENUM_CONVERSION = YES;
				CLANG_WARN_INFINITE_RECURSION = YES;
				CLANG_WARN_INT_CONVERSION = YES;
				CLANG_WARN_NON_LITERAL_NULL_CONVERSION = YES;
				CLANG_WARN_OBJC_IMPLICIT_RETAIN_SELF = YES;
				CLANG_WARN_OBJC_LITERAL_CONVERSION = YES;
				CLANG_WARN_OBJC_ROOT_CLASS = YES_ERROR;
				CLANG_WARN_QUOTED_INCLUDE_IN_FRAMEWORK_HEADER = YES;
				CLANG_WARN_RANGE_LOOP_ANALYSIS = YES;
				CLANG_WARN_STRICT_PROTOTYPES = YES;
				CLANG_WARN_SUSPICIOUS_MOVE = YES;
				CLANG_WARN_UNGUARDED_AVAILABILITY = YES_AGGRESSIVE;
				CLANG_WARN_UNREACHABLE_CODE = YES;
				CLANG_WARN__DUPLICATE_METHOD_MATCH = YES;
				COPY_PHASE_STRIP = NO;
				DEBUG_INFORMATION_FORMAT = dwarf;
				ENABLE_STRICT_OBJC_MSGSEND = YES;
				ENABLE_TESTABILITY = YES;
				GCC_C_LANGUAGE_STANDARD = gnu11;
				GCC_DYNAMIC_NO_PIC = NO;
				GCC_NO_COMMON_BLOCKS = YES;
				GCC_OPTIMIZATION_LEVEL = 0;
				GCC_PREPROCESSOR_DEFINITIONS = (
					"DEBUG=1",
					"$(inherited)",
				);
				GCC_WARN_64_TO_32_BIT_CONVERSION = YES;
				GCC_WARN_ABOUT_RETURN_TYPE = YES_ERROR;
				GCC_WARN_UNDECLARED_SELECTOR = YES;
				GCC_WARN_UNINITIALIZED_AUTOS = YES_AGGRESSIVE;
				GCC_WARN_UNUSED_FUNCTION = YES;
				GCC_WARN_UNUSED_VARIABLE = YES;
				IPHONEOS_DEPLOYMENT_TARGET = 14.5;
				MTL_ENABLE_DEBUG_INFO = INCLUDE_SOURCE;
				MTL_FAST_MATH = YES;
				ONLY_ACTIVE_ARCH = YES;
				SDKROOT = iphoneos;
				SWIFT_ACTIVE_COMPILATION_CONDITIONS = DEBUG;
				SWIFT_OPTIMIZATION_LEVEL = "-Onone";
			};
			name = Debug;
		};
		6643472D2651BD1800A26419 /* Release */ = {
			isa = XCBuildConfiguration;
			buildSettings = {
				ALWAYS_SEARCH_USER_PATHS = NO;
				CLANG_ANALYZER_NONNULL = YES;
				CLANG_ANALYZER_NUMBER_OBJECT_CONVERSION = YES_AGGRESSIVE;
				CLANG_CXX_LANGUAGE_STANDARD = "gnu++14";
				CLANG_CXX_LIBRARY = "libc++";
				CLANG_ENABLE_MODULES = YES;
				CLANG_ENABLE_OBJC_ARC = YES;
				CLANG_ENABLE_OBJC_WEAK = YES;
				CLANG_WARN_BLOCK_CAPTURE_AUTORELEASING = YES;
				CLANG_WARN_BOOL_CONVERSION = YES;
				CLANG_WARN_COMMA = YES;
				CLANG_WARN_CONSTANT_CONVERSION = YES;
				CLANG_WARN_DEPRECATED_OBJC_IMPLEMENTATIONS = YES;
				CLANG_WARN_DIRECT_OBJC_ISA_USAGE = YES_ERROR;
				CLANG_WARN_DOCUMENTATION_COMMENTS = YES;
				CLANG_WARN_EMPTY_BODY = YES;
				CLANG_WARN_ENUM_CONVERSION = YES;
				CLANG_WARN_INFINITE_RECURSION = YES;
				CLANG_WARN_INT_CONVERSION = YES;
				CLANG_WARN_NON_LITERAL_NULL_CONVERSION = YES;
				CLANG_WARN_OBJC_IMPLICIT_RETAIN_SELF = YES;
				CLANG_WARN_OBJC_LITERAL_CONVERSION = YES;
				CLANG_WARN_OBJC_ROOT_CLASS = YES_ERROR;
				CLANG_WARN_QUOTED_INCLUDE_IN_FRAMEWORK_HEADER = YES;
				CLANG_WARN_RANGE_LOOP_ANALYSIS = YES;
				CLANG_WARN_STRICT_PROTOTYPES = YES;
				CLANG_WARN_SUSPICIOUS_MOVE = YES;
				CLANG_WARN_UNGUARDED_AVAILABILITY = YES_AGGRESSIVE;
				CLANG_WARN_UNREACHABLE_CODE = YES;
				CLANG_WARN__DUPLICATE_METHOD_MATCH = YES;
				COPY_PHASE_STRIP = NO;
				DEBUG_INFORMATION_FORMAT = "dwarf-with-dsym";
				ENABLE_NS_ASSERTIONS = NO;
				ENABLE_STRICT_OBJC_MSGSEND = YES;
				GCC_C_LANGUAGE_STANDARD = gnu11;
				GCC_NO_COMMON_BLOCKS = YES;
				GCC_WARN_64_TO_32_BIT_CONVERSION = YES;
				GCC_WARN_ABOUT_RETURN_TYPE = YES_ERROR;
				GCC_WARN_UNDECLARED_SELECTOR = YES;
				GCC_WARN_UNINITIALIZED_AUTOS = YES_AGGRESSIVE;
				GCC_WARN_UNUSED_FUNCTION = YES;
				GCC_WARN_UNUSED_VARIABLE = YES;
				IPHONEOS_DEPLOYMENT_TARGET = 14.5;
				MTL_ENABLE_DEBUG_INFO = NO;
				MTL_FAST_MATH = YES;
				SDKROOT = iphoneos;
				SWIFT_COMPILATION_MODE = wholemodule;
				SWIFT_OPTIMIZATION_LEVEL = "-O";
				VALIDATE_PRODUCT = YES;
			};
			name = Release;
		};
		6643472F2651BD1800A26419 /* Debug */ = {
			isa = XCBuildConfiguration;
			buildSettings = {
				ASSETCATALOG_COMPILER_APPICON_NAME = AppIcon;
				ASSETCATALOG_COMPILER_GLOBAL_ACCENT_COLOR_NAME = AccentColor;
				CODE_SIGN_STYLE = Automatic;
				DEVELOPMENT_ASSET_PATHS = "\"SwiftUI-Loading-Animation/Preview Content\"";
				DEVELOPMENT_TEAM = 335ZCP6WMN;
				ENABLE_PREVIEWS = YES;
				INFOPLIST_FILE = "SwiftUI-Loading-Animation/Info.plist";
				IPHONEOS_DEPLOYMENT_TARGET = 14.0;
				LD_RUNPATH_SEARCH_PATHS = (
					"$(inherited)",
					"@executable_path/Frameworks",
				);
				PRODUCT_BUNDLE_IDENTIFIER = "com.SwiftUI-Loading-Animation";
				PRODUCT_NAME = "$(TARGET_NAME)";
				SWIFT_VERSION = 5.0;
				TARGETED_DEVICE_FAMILY = "1,2";
			};
			name = Debug;
		};
		664347302651BD1800A26419 /* Release */ = {
			isa = XCBuildConfiguration;
			buildSettings = {
				ASSETCATALOG_COMPILER_APPICON_NAME = AppIcon;
				ASSETCATALOG_COMPILER_GLOBAL_ACCENT_COLOR_NAME = AccentColor;
				CODE_SIGN_STYLE = Automatic;
				DEVELOPMENT_ASSET_PATHS = "\"SwiftUI-Loading-Animation/Preview Content\"";
				DEVELOPMENT_TEAM = 335ZCP6WMN;
				ENABLE_PREVIEWS = YES;
				INFOPLIST_FILE = "SwiftUI-Loading-Animation/Info.plist";
				IPHONEOS_DEPLOYMENT_TARGET = 14.0;
				LD_RUNPATH_SEARCH_PATHS = (
					"$(inherited)",
					"@executable_path/Frameworks",
				);
				PRODUCT_BUNDLE_IDENTIFIER = "com.SwiftUI-Loading-Animation";
				PRODUCT_NAME = "$(TARGET_NAME)";
				SWIFT_VERSION = 5.0;
				TARGETED_DEVICE_FAMILY = "1,2";
			};
			name = Release;
		};
/* End XCBuildConfiguration section */

/* Begin XCConfigurationList section */
		6643471A2651BD1600A26419 /* Build configuration list for PBXProject "SwiftUI-Loading-Animation" */ = {
			isa = XCConfigurationList;
			buildConfigurations = (
				6643472C2651BD1800A26419 /* Debug */,
				6643472D2651BD1800A26419 /* Release */,
			);
			defaultConfigurationIsVisible = 0;
			defaultConfigurationName = Release;
		};
		6643472E2651BD1800A26419 /* Build configuration list for PBXNativeTarget "SwiftUI-Loading-Animation" */ = {
			isa = XCConfigurationList;
			buildConfigurations = (
				6643472F2651BD1800A26419 /* Debug */,
				664347302651BD1800A26419 /* Release */,
			);
			defaultConfigurationIsVisible = 0;
			defaultConfigurationName = Release;
		};
/* End XCConfigurationList section */
	};
	rootObject = 664347172651BD1600A26419 /* Project object */;
}
